
Microsoft Visual Studio Solution File, Format Version 12.00
# Visual Studio Version 16
VisualStudioVersion = 16.0.29326.143
MinimumVisualStudioVersion = 10.0.40219.1
Project("{888888A0-9F3D-457C-B088-3A5042F75D52}") = "InstaBot", "InstaBot.pyproj", "{824B526F-6563-422D-8475-CCA2A33D97AD}"
EndProject
Global
	GlobalSection(SolutionConfigurationPlatforms) = preSolution
		Debug|Any CPU = Debug|Any CPU
		Release|Any CPU = Release|Any CPU
	EndGlobalSection
	GlobalSection(ProjectConfigurationPlatforms) = postSolution
		{824B526F-6563-422D-8475-CCA2A33D97AD}.Debug|Any CPU.ActiveCfg = Debug|Any CPU
		{824B526F-6563-422D-8475-CCA2A33D97AD}.Release|Any CPU.ActiveCfg = Release|Any CPU
	EndGlobalSection
	GlobalSection(SolutionProperties) = preSolution
		HideSolutionNode = FALSE
	EndGlobalSection
	GlobalSection(ExtensibilityGlobals) = postSolution
		SolutionGuid = {9E54D9FC-AF21-4DCF-AFBB-6A467E1030AE}
	EndGlobalSection
EndGlobal
